// !$*UTF8*$!
{
	archiveVersion = 1;
	classes = {
	};
	objectVersion = 46;
	objects = {

/* Begin PBXBuildFile section */
		5B10337014DADEAE00381F14 /* Refresh.png in Resources */ = {isa = PBXBuildFile; fileRef = 5B10336F14DADEAE00381F14 /* Refresh.png */; };
		5B33473714DA8F2000A3FCE1 /* SplashScreenController.m in Sources */ = {isa = PBXBuildFile; fileRef = 5B33473514DA8F2000A3FCE1 /* SplashScreenController.m */; };
		5B33473814DA8F2000A3FCE1 /* SplashScreenController.xib in Resources */ = {isa = PBXBuildFile; fileRef = 5B33473614DA8F2000A3FCE1 /* SplashScreenController.xib */; };
		5B33474114DAABEC00A3FCE1 /* VenueViewController.m in Sources */ = {isa = PBXBuildFile; fileRef = 5B33473F14DAABEB00A3FCE1 /* VenueViewController.m */; };
		5B33474214DAABEC00A3FCE1 /* VenueViewController.xib in Resources */ = {isa = PBXBuildFile; fileRef = 5B33474014DAABEC00A3FCE1 /* VenueViewController.xib */; };
		5B33474614DAB0AB00A3FCE1 /* ViewControllerBG.png in Resources */ = {isa = PBXBuildFile; fileRef = 5B33474514DAB0AB00A3FCE1 /* ViewControllerBG.png */; };
		5B33474814DAB46A00A3FCE1 /* app_icon_57.png in Resources */ = {isa = PBXBuildFile; fileRef = 5B33474714DAB46900A3FCE1 /* app_icon_57.png */; };
		5B3FCEB314DC0A6E00BC3E01 /* OtherVenueButtonBG.png in Resources */ = {isa = PBXBuildFile; fileRef = 5B3FCEB214DC0A6E00BC3E01 /* OtherVenueButtonBG.png */; };
		5B3FCEB614DC0BCB00BC3E01 /* OtherVenueButtonBGHighlight.png in Resources */ = {isa = PBXBuildFile; fileRef = 5B3FCEB514DC0BCB00BC3E01 /* OtherVenueButtonBGHighlight.png */; };
		5B3FCEBC14DC384B00BC3E01 /* ViewControllerBG@2x.png in Resources */ = {isa = PBXBuildFile; fileRef = 5B3FCEBB14DC384B00BC3E01 /* ViewControllerBG@2x.png */; };
		5B3FCEC014DC3FCE00BC3E01 /* AboutViewBG.png in Resources */ = {isa = PBXBuildFile; fileRef = 5B3FCEBF14DC3FCE00BC3E01 /* AboutViewBG.png */; };
		5B516E1914E135AC00E44BFE /* MessageButtonBG.png in Resources */ = {isa = PBXBuildFile; fileRef = 5B516E1714E135AC00E44BFE /* MessageButtonBG.png */; };
		5B516E1A14E135AC00E44BFE /* MessageButtonBG@2x.png in Resources */ = {isa = PBXBuildFile; fileRef = 5B516E1814E135AC00E44BFE /* MessageButtonBG@2x.png */; };
		5BA7BE8314DFFF44000F29C5 /* VenueViewControllerBG.png in Resources */ = {isa = PBXBuildFile; fileRef = 5BA7BE8114DFFF44000F29C5 /* VenueViewControllerBG.png */; };
		5BA7BE8414DFFF44000F29C5 /* VenueViewControllerBG@2x.png in Resources */ = {isa = PBXBuildFile; fileRef = 5BA7BE8214DFFF44000F29C5 /* VenueViewControllerBG@2x.png */; };
		5BA7BE8714E008AA000F29C5 /* MapKit.framework in Frameworks */ = {isa = PBXBuildFile; fileRef = 5BA7BE8614E008AA000F29C5 /* MapKit.framework */; };
		5BA7BE8A14E01D94000F29C5 /* MessageViewBG.png in Resources */ = {isa = PBXBuildFile; fileRef = 5BA7BE8814E01D94000F29C5 /* MessageViewBG.png */; };
		5BA7BE8B14E01D94000F29C5 /* MessageViewBG@2x.png in Resources */ = {isa = PBXBuildFile; fileRef = 5BA7BE8914E01D94000F29C5 /* MessageViewBG@2x.png */; };
		5BA7BE8E14E0213D000F29C5 /* ViewControllerBGMessage.png in Resources */ = {isa = PBXBuildFile; fileRef = 5BA7BE8C14E0213D000F29C5 /* ViewControllerBGMessage.png */; };
		5BA7BE8F14E0213D000F29C5 /* ViewControllerBGMessage@2x.png in Resources */ = {isa = PBXBuildFile; fileRef = 5BA7BE8D14E0213D000F29C5 /* ViewControllerBGMessage@2x.png */; };
		5BA7BE9814E03617000F29C5 /* CoreLocation.framework in Frameworks */ = {isa = PBXBuildFile; fileRef = 5BA7BE9714E03617000F29C5 /* CoreLocation.framework */; };
		5BA7BE9B14E03787000F29C5 /* MyCLController.m in Sources */ = {isa = PBXBuildFile; fileRef = 5BA7BE9A14E03787000F29C5 /* MyCLController.m */; };
		5BA7BE9F14E04035000F29C5 /* Default@2x.png in Resources */ = {isa = PBXBuildFile; fileRef = 5BA7BE9E14E04035000F29C5 /* Default@2x.png */; };
		5BA7BEA314E0407C000F29C5 /* Default.png in Resources */ = {isa = PBXBuildFile; fileRef = 5BA7BEA214E0407C000F29C5 /* Default.png */; };
		5BA7BEA514E0440C000F29C5 /* icon_57.png in Resources */ = {isa = PBXBuildFile; fileRef = 5BA7BEA414E0440C000F29C5 /* icon_57.png */; };
		5BA7BEA714E04413000F29C5 /* icon_114.png in Resources */ = {isa = PBXBuildFile; fileRef = 5BA7BEA614E04413000F29C5 /* icon_114.png */; };
		5BA7BEAC14E047EA000F29C5 /* Loading2@2x.png in Resources */ = {isa = PBXBuildFile; fileRef = 5BA7BEA914E047EA000F29C5 /* Loading2@2x.png */; };
		5BA7BEAD14E047EA000F29C5 /* Loading3@2x.png in Resources */ = {isa = PBXBuildFile; fileRef = 5BA7BEAA14E047EA000F29C5 /* Loading3@2x.png */; };
		5BA7BEAE14E047EA000F29C5 /* Loading4@2x.png in Resources */ = {isa = PBXBuildFile; fileRef = 5BA7BEAB14E047EA000F29C5 /* Loading4@2x.png */; };
		5BA7BEB114E04961000F29C5 /* Loading1.png in Resources */ = {isa = PBXBuildFile; fileRef = 5BA7BEAF14E04961000F29C5 /* Loading1.png */; };
		5BA7BEB214E04961000F29C5 /* Loading1@2x.png in Resources */ = {isa = PBXBuildFile; fileRef = 5BA7BEB014E04961000F29C5 /* Loading1@2x.png */; };
		5BA7BEB614E04972000F29C5 /* Loading2.png in Resources */ = {isa = PBXBuildFile; fileRef = 5BA7BEB314E04972000F29C5 /* Loading2.png */; };
		5BA7BEB714E04972000F29C5 /* Loading3.png in Resources */ = {isa = PBXBuildFile; fileRef = 5BA7BEB414E04972000F29C5 /* Loading3.png */; };
		5BA7BEB814E04972000F29C5 /* Loading4.png in Resources */ = {isa = PBXBuildFile; fileRef = 5BA7BEB514E04972000F29C5 /* Loading4.png */; };
		5BAF7CFC14CD8C75006D4638 /* UIKit.framework in Frameworks */ = {isa = PBXBuildFile; fileRef = 5BAF7CFB14CD8C75006D4638 /* UIKit.framework */; };
		5BAF7CFE14CD8C75006D4638 /* Foundation.framework in Frameworks */ = {isa = PBXBuildFile; fileRef = 5BAF7CFD14CD8C75006D4638 /* Foundation.framework */; };
		5BAF7D0014CD8C75006D4638 /* CoreGraphics.framework in Frameworks */ = {isa = PBXBuildFile; fileRef = 5BAF7CFF14CD8C75006D4638 /* CoreGraphics.framework */; };
		5BAF7D0614CD8C75006D4638 /* InfoPlist.strings in Resources */ = {isa = PBXBuildFile; fileRef = 5BAF7D0414CD8C75006D4638 /* InfoPlist.strings */; };
		5BAF7D0814CD8C75006D4638 /* main.m in Sources */ = {isa = PBXBuildFile; fileRef = 5BAF7D0714CD8C75006D4638 /* main.m */; };
		5BAF7D0C14CD8C75006D4638 /* AppDelegate.m in Sources */ = {isa = PBXBuildFile; fileRef = 5BAF7D0B14CD8C75006D4638 /* AppDelegate.m */; };
		5BAF7D0F14CD8C75006D4638 /* ViewController.m in Sources */ = {isa = PBXBuildFile; fileRef = 5BAF7D0E14CD8C75006D4638 /* ViewController.m */; };
		5BAF7D1214CD8C75006D4638 /* ViewController.xib in Resources */ = {isa = PBXBuildFile; fileRef = 5BAF7D1014CD8C75006D4638 /* ViewController.xib */; };
		5BAF7D1D14CD9449006D4638 /* Venue.m in Sources */ = {isa = PBXBuildFile; fileRef = 5BAF7D1C14CD9449006D4638 /* Venue.m */; };
		5BAF7D2B14CDCAE5006D4638 /* AboutViewController.m in Sources */ = {isa = PBXBuildFile; fileRef = 5BAF7D2914CDCAE5006D4638 /* AboutViewController.m */; };
		5BAF7D2C14CDCAE5006D4638 /* AboutViewController.xib in Resources */ = {isa = PBXBuildFile; fileRef = 5BAF7D2A14CDCAE5006D4638 /* AboutViewController.xib */; };
/* End PBXBuildFile section */

/* Begin PBXFileReference section */
		5B10336F14DADEAE00381F14 /* Refresh.png */ = {isa = PBXFileReference; lastKnownFileType = image.png; path = Refresh.png; sourceTree = "<group>"; };
		5B33473414DA8F2000A3FCE1 /* SplashScreenController.h */ = {isa = PBXFileReference; fileEncoding = 4; lastKnownFileType = sourcecode.c.h; path = SplashScreenController.h; sourceTree = "<group>"; };
		5B33473514DA8F2000A3FCE1 /* SplashScreenController.m */ = {isa = PBXFileReference; fileEncoding = 4; lastKnownFileType = sourcecode.c.objc; path = SplashScreenController.m; sourceTree = "<group>"; };
		5B33473614DA8F2000A3FCE1 /* SplashScreenController.xib */ = {isa = PBXFileReference; fileEncoding = 4; lastKnownFileType = file.xib; path = SplashScreenController.xib; sourceTree = "<group>"; };
		5B33473E14DAABEB00A3FCE1 /* VenueViewController.h */ = {isa = PBXFileReference; fileEncoding = 4; lastKnownFileType = sourcecode.c.h; path = VenueViewController.h; sourceTree = "<group>"; };
		5B33473F14DAABEB00A3FCE1 /* VenueViewController.m */ = {isa = PBXFileReference; fileEncoding = 4; lastKnownFileType = sourcecode.c.objc; path = VenueViewController.m; sourceTree = "<group>"; };
		5B33474014DAABEC00A3FCE1 /* VenueViewController.xib */ = {isa = PBXFileReference; fileEncoding = 4; lastKnownFileType = file.xib; path = VenueViewController.xib; sourceTree = "<group>"; };
		5B33474514DAB0AB00A3FCE1 /* ViewControllerBG.png */ = {isa = PBXFileReference; lastKnownFileType = image.png; path = ViewControllerBG.png; sourceTree = "<group>"; };
		5B33474714DAB46900A3FCE1 /* app_icon_57.png */ = {isa = PBXFileReference; lastKnownFileType = image.png; name = app_icon_57.png; path = ../app_icon_57.png; sourceTree = "<group>"; };
		5B3FCEB214DC0A6E00BC3E01 /* OtherVenueButtonBG.png */ = {isa = PBXFileReference; lastKnownFileType = image.png; path = OtherVenueButtonBG.png; sourceTree = "<group>"; };
		5B3FCEB514DC0BCB00BC3E01 /* OtherVenueButtonBGHighlight.png */ = {isa = PBXFileReference; lastKnownFileType = image.png; path = OtherVenueButtonBGHighlight.png; sourceTree = "<group>"; };
		5B3FCEBB14DC384B00BC3E01 /* ViewControllerBG@2x.png */ = {isa = PBXFileReference; lastKnownFileType = image.png; path = "ViewControllerBG@2x.png"; sourceTree = "<group>"; };
		5B3FCEBF14DC3FCE00BC3E01 /* AboutViewBG.png */ = {isa = PBXFileReference; lastKnownFileType = image.png; path = AboutViewBG.png; sourceTree = "<group>"; };
		5B516E1714E135AC00E44BFE /* MessageButtonBG.png */ = {isa = PBXFileReference; lastKnownFileType = image.png; path = MessageButtonBG.png; sourceTree = "<group>"; };
		5B516E1814E135AC00E44BFE /* MessageButtonBG@2x.png */ = {isa = PBXFileReference; lastKnownFileType = image.png; path = "MessageButtonBG@2x.png"; sourceTree = "<group>"; };
		5BA7BE8114DFFF44000F29C5 /* VenueViewControllerBG.png */ = {isa = PBXFileReference; lastKnownFileType = image.png; path = VenueViewControllerBG.png; sourceTree = "<group>"; };
		5BA7BE8214DFFF44000F29C5 /* VenueViewControllerBG@2x.png */ = {isa = PBXFileReference; lastKnownFileType = image.png; path = "VenueViewControllerBG@2x.png"; sourceTree = "<group>"; };
		5BA7BE8614E008AA000F29C5 /* MapKit.framework */ = {isa = PBXFileReference; lastKnownFileType = wrapper.framework; name = MapKit.framework; path = System/Library/Frameworks/MapKit.framework; sourceTree = SDKROOT; };
		5BA7BE8814E01D94000F29C5 /* MessageViewBG.png */ = {isa = PBXFileReference; lastKnownFileType = image.png; path = MessageViewBG.png; sourceTree = "<group>"; };
		5BA7BE8914E01D94000F29C5 /* MessageViewBG@2x.png */ = {isa = PBXFileReference; lastKnownFileType = image.png; path = "MessageViewBG@2x.png"; sourceTree = "<group>"; };
		5BA7BE8C14E0213D000F29C5 /* ViewControllerBGMessage.png */ = {isa = PBXFileReference; lastKnownFileType = image.png; path = ViewControllerBGMessage.png; sourceTree = "<group>"; };
		5BA7BE8D14E0213D000F29C5 /* ViewControllerBGMessage@2x.png */ = {isa = PBXFileReference; lastKnownFileType = image.png; path = "ViewControllerBGMessage@2x.png"; sourceTree = "<group>"; };
		5BA7BE9714E03617000F29C5 /* CoreLocation.framework */ = {isa = PBXFileReference; lastKnownFileType = wrapper.framework; name = CoreLocation.framework; path = System/Library/Frameworks/CoreLocation.framework; sourceTree = SDKROOT; };
		5BA7BE9914E03787000F29C5 /* MyCLController.h */ = {isa = PBXFileReference; fileEncoding = 4; lastKnownFileType = sourcecode.c.h; path = MyCLController.h; sourceTree = "<group>"; };
		5BA7BE9A14E03787000F29C5 /* MyCLController.m */ = {isa = PBXFileReference; fileEncoding = 4; lastKnownFileType = sourcecode.c.objc; path = MyCLController.m; sourceTree = "<group>"; };
		5BA7BE9E14E04035000F29C5 /* Default@2x.png */ = {isa = PBXFileReference; lastKnownFileType = image.png; name = "Default@2x.png"; path = "../Default@2x.png"; sourceTree = "<group>"; };
		5BA7BEA214E0407C000F29C5 /* Default.png */ = {isa = PBXFileReference; lastKnownFileType = image.png; name = Default.png; path = ../Default.png; sourceTree = "<group>"; };
		5BA7BEA414E0440C000F29C5 /* icon_57.png */ = {isa = PBXFileReference; lastKnownFileType = image.png; name = icon_57.png; path = ../icon_57.png; sourceTree = "<group>"; };
		5BA7BEA614E04413000F29C5 /* icon_114.png */ = {isa = PBXFileReference; lastKnownFileType = image.png; name = icon_114.png; path = ../icon_114.png; sourceTree = "<group>"; };
		5BA7BEA914E047EA000F29C5 /* Loading2@2x.png */ = {isa = PBXFileReference; lastKnownFileType = image.png; path = "Loading2@2x.png"; sourceTree = "<group>"; };
		5BA7BEAA14E047EA000F29C5 /* Loading3@2x.png */ = {isa = PBXFileReference; lastKnownFileType = image.png; path = "Loading3@2x.png"; sourceTree = "<group>"; };
		5BA7BEAB14E047EA000F29C5 /* Loading4@2x.png */ = {isa = PBXFileReference; lastKnownFileType = image.png; path = "Loading4@2x.png"; sourceTree = "<group>"; };
		5BA7BEAF14E04961000F29C5 /* Loading1.png */ = {isa = PBXFileReference; lastKnownFileType = image.png; path = Loading1.png; sourceTree = "<group>"; };
		5BA7BEB014E04961000F29C5 /* Loading1@2x.png */ = {isa = PBXFileReference; lastKnownFileType = image.png; path = "Loading1@2x.png"; sourceTree = "<group>"; };
		5BA7BEB314E04972000F29C5 /* Loading2.png */ = {isa = PBXFileReference; lastKnownFileType = image.png; path = Loading2.png; sourceTree = "<group>"; };
		5BA7BEB414E04972000F29C5 /* Loading3.png */ = {isa = PBXFileReference; lastKnownFileType = image.png; path = Loading3.png; sourceTree = "<group>"; };
		5BA7BEB514E04972000F29C5 /* Loading4.png */ = {isa = PBXFileReference; lastKnownFileType = image.png; path = Loading4.png; sourceTree = "<group>"; };
		5BAF7CF714CD8C75006D4638 /* Chase the Unicorn.app */ = {isa = PBXFileReference; explicitFileType = wrapper.application; includeInIndex = 0; path = "Chase the Unicorn.app"; sourceTree = BUILT_PRODUCTS_DIR; };
		5BAF7CFB14CD8C75006D4638 /* UIKit.framework */ = {isa = PBXFileReference; lastKnownFileType = wrapper.framework; name = UIKit.framework; path = System/Library/Frameworks/UIKit.framework; sourceTree = SDKROOT; };
		5BAF7CFD14CD8C75006D4638 /* Foundation.framework */ = {isa = PBXFileReference; lastKnownFileType = wrapper.framework; name = Foundation.framework; path = System/Library/Frameworks/Foundation.framework; sourceTree = SDKROOT; };
		5BAF7CFF14CD8C75006D4638 /* CoreGraphics.framework */ = {isa = PBXFileReference; lastKnownFileType = wrapper.framework; name = CoreGraphics.framework; path = System/Library/Frameworks/CoreGraphics.framework; sourceTree = SDKROOT; };
		5BAF7D0314CD8C75006D4638 /* Chase the Unicorn-Info.plist */ = {isa = PBXFileReference; lastKnownFileType = text.plist.xml; path = "Chase the Unicorn-Info.plist"; sourceTree = "<group>"; };
		5BAF7D0514CD8C75006D4638 /* en */ = {isa = PBXFileReference; lastKnownFileType = text.plist.strings; name = en; path = en.lproj/InfoPlist.strings; sourceTree = "<group>"; };
		5BAF7D0714CD8C75006D4638 /* main.m */ = {isa = PBXFileReference; lastKnownFileType = sourcecode.c.objc; path = main.m; sourceTree = "<group>"; };
		5BAF7D0914CD8C75006D4638 /* Chase the Unicorn-Prefix.pch */ = {isa = PBXFileReference; lastKnownFileType = sourcecode.c.h; path = "Chase the Unicorn-Prefix.pch"; sourceTree = "<group>"; };
		5BAF7D0A14CD8C75006D4638 /* AppDelegate.h */ = {isa = PBXFileReference; lastKnownFileType = sourcecode.c.h; path = AppDelegate.h; sourceTree = "<group>"; };
		5BAF7D0B14CD8C75006D4638 /* AppDelegate.m */ = {isa = PBXFileReference; lastKnownFileType = sourcecode.c.objc; path = AppDelegate.m; sourceTree = "<group>"; };
		5BAF7D0D14CD8C75006D4638 /* ViewController.h */ = {isa = PBXFileReference; lastKnownFileType = sourcecode.c.h; path = ViewController.h; sourceTree = "<group>"; };
		5BAF7D0E14CD8C75006D4638 /* ViewController.m */ = {isa = PBXFileReference; lastKnownFileType = sourcecode.c.objc; path = ViewController.m; sourceTree = "<group>"; };
		5BAF7D1114CD8C75006D4638 /* en */ = {isa = PBXFileReference; lastKnownFileType = file.xib; name = en; path = en.lproj/ViewController.xib; sourceTree = "<group>"; };
		5BAF7D1B14CD9449006D4638 /* Venue.h */ = {isa = PBXFileReference; fileEncoding = 4; lastKnownFileType = sourcecode.c.h; path = Venue.h; sourceTree = "<group>"; };
		5BAF7D1C14CD9449006D4638 /* Venue.m */ = {isa = PBXFileReference; fileEncoding = 4; lastKnownFileType = sourcecode.c.objc; path = Venue.m; sourceTree = "<group>"; };
		5BAF7D2814CDCAE5006D4638 /* AboutViewController.h */ = {isa = PBXFileReference; fileEncoding = 4; lastKnownFileType = sourcecode.c.h; path = AboutViewController.h; sourceTree = "<group>"; };
		5BAF7D2914CDCAE5006D4638 /* AboutViewController.m */ = {isa = PBXFileReference; fileEncoding = 4; lastKnownFileType = sourcecode.c.objc; path = AboutViewController.m; sourceTree = "<group>"; };
		5BAF7D2A14CDCAE5006D4638 /* AboutViewController.xib */ = {isa = PBXFileReference; fileEncoding = 4; lastKnownFileType = file.xib; path = AboutViewController.xib; sourceTree = "<group>"; };
/* End PBXFileReference section */

/* Begin PBXFrameworksBuildPhase section */
		5BAF7CF414CD8C75006D4638 /* Frameworks */ = {
			isa = PBXFrameworksBuildPhase;
			buildActionMask = 2147483647;
			files = (
				5BA7BE9814E03617000F29C5 /* CoreLocation.framework in Frameworks */,
				5BA7BE8714E008AA000F29C5 /* MapKit.framework in Frameworks */,
				5BAF7CFC14CD8C75006D4638 /* UIKit.framework in Frameworks */,
				5BAF7CFE14CD8C75006D4638 /* Foundation.framework in Frameworks */,
				5BAF7D0014CD8C75006D4638 /* CoreGraphics.framework in Frameworks */,
			);
			runOnlyForDeploymentPostprocessing = 0;
		};
/* End PBXFrameworksBuildPhase section */

/* Begin PBXGroup section */
		5B33474314DAAE7D00A3FCE1 /* Controllers */ = {
			isa = PBXGroup;
			children = (
				5BAF7D0D14CD8C75006D4638 /* ViewController.h */,
				5BAF7D0E14CD8C75006D4638 /* ViewController.m */,
				5B33473E14DAABEB00A3FCE1 /* VenueViewController.h */,
				5B33473F14DAABEB00A3FCE1 /* VenueViewController.m */,
				5B33473414DA8F2000A3FCE1 /* SplashScreenController.h */,
				5B33473514DA8F2000A3FCE1 /* SplashScreenController.m */,
				5BAF7D2814CDCAE5006D4638 /* AboutViewController.h */,
				5BAF7D2914CDCAE5006D4638 /* AboutViewController.m */,
			);
			name = Controllers;
			sourceTree = "<group>";
		};
		5B33474414DAAE9D00A3FCE1 /* Views */ = {
			isa = PBXGroup;
			children = (
				5BAF7D2A14CDCAE5006D4638 /* AboutViewController.xib */,
				5B33473614DA8F2000A3FCE1 /* SplashScreenController.xib */,
				5BAF7D1014CD8C75006D4638 /* ViewController.xib */,
				5B33474014DAABEC00A3FCE1 /* VenueViewController.xib */,
			);
			name = Views;
			sourceTree = "<group>";
		};
		5BA7BEA814E04790000F29C5 /* Animation */ = {
			isa = PBXGroup;
			children = (
				5BA7BEAF14E04961000F29C5 /* Loading1.png */,
				5BA7BEB314E04972000F29C5 /* Loading2.png */,
				5BA7BEB414E04972000F29C5 /* Loading3.png */,
				5BA7BEB514E04972000F29C5 /* Loading4.png */,
				5BA7BEB014E04961000F29C5 /* Loading1@2x.png */,
				5BA7BEA914E047EA000F29C5 /* Loading2@2x.png */,
				5BA7BEAA14E047EA000F29C5 /* Loading3@2x.png */,
				5BA7BEAB14E047EA000F29C5 /* Loading4@2x.png */,
			);
			name = Animation;
			sourceTree = "<group>";
		};
		5BAF7CEC14CD8C75006D4638 = {
			isa = PBXGroup;
			children = (
				5BAF7D0114CD8C75006D4638 /* Chase the Unicorn */,
				5BAF7CFA14CD8C75006D4638 /* Frameworks */,
				5BAF7CF814CD8C75006D4638 /* Products */,
			);
			sourceTree = "<group>";
		};
		5BAF7CF814CD8C75006D4638 /* Products */ = {
			isa = PBXGroup;
			children = (
				5BAF7CF714CD8C75006D4638 /* Chase the Unicorn.app */,
			);
			name = Products;
			sourceTree = "<group>";
		};
		5BAF7CFA14CD8C75006D4638 /* Frameworks */ = {
			isa = PBXGroup;
			children = (
				5BA7BE9714E03617000F29C5 /* CoreLocation.framework */,
				5BA7BE8614E008AA000F29C5 /* MapKit.framework */,
				5BAF7CFB14CD8C75006D4638 /* UIKit.framework */,
				5BAF7CFD14CD8C75006D4638 /* Foundation.framework */,
				5BAF7CFF14CD8C75006D4638 /* CoreGraphics.framework */,
			);
			name = Frameworks;
			sourceTree = "<group>";
		};
		5BAF7D0114CD8C75006D4638 /* Chase the Unicorn */ = {
			isa = PBXGroup;
			children = (
				5BAF7D0A14CD8C75006D4638 /* AppDelegate.h */,
				5BAF7D0B14CD8C75006D4638 /* AppDelegate.m */,
				5BAF7D1E14CD9455006D4638 /* Models */,
				5B33474314DAAE7D00A3FCE1 /* Controllers */,
				5B33474414DAAE9D00A3FCE1 /* Views */,
				5BAF7D1814CD8D94006D4638 /* Images */,
				5BAF7D0214CD8C75006D4638 /* Supporting Files */,
			);
			path = "Chase the Unicorn";
			sourceTree = "<group>";
		};
		5BAF7D0214CD8C75006D4638 /* Supporting Files */ = {
			isa = PBXGroup;
			children = (
				5BA7BE9914E03787000F29C5 /* MyCLController.h */,
				5BA7BE9A14E03787000F29C5 /* MyCLController.m */,
				5BAF7D0314CD8C75006D4638 /* Chase the Unicorn-Info.plist */,
				5BAF7D0414CD8C75006D4638 /* InfoPlist.strings */,
				5BAF7D0714CD8C75006D4638 /* main.m */,
				5BAF7D0914CD8C75006D4638 /* Chase the Unicorn-Prefix.pch */,
			);
			name = "Supporting Files";
			sourceTree = "<group>";
		};
		5BAF7D1814CD8D94006D4638 /* Images */ = {
			isa = PBXGroup;
			children = (
				5BA7BEA814E04790000F29C5 /* Animation */,
				5BA7BEA214E0407C000F29C5 /* Default.png */,
				5BA7BE9E14E04035000F29C5 /* Default@2x.png */,
				5BA7BEA614E04413000F29C5 /* icon_114.png */,
				5BA7BEA414E0440C000F29C5 /* icon_57.png */,
				5B10336F14DADEAE00381F14 /* Refresh.png */,
				5B516E1714E135AC00E44BFE /* MessageButtonBG.png */,
				5B516E1814E135AC00E44BFE /* MessageButtonBG@2x.png */,
				5B3FCEBF14DC3FCE00BC3E01 /* AboutViewBG.png */,
				5B3FCEB214DC0A6E00BC3E01 /* OtherVenueButtonBG.png */,
				5B3FCEB514DC0BCB00BC3E01 /* OtherVenueButtonBGHighlight.png */,
				5B33474714DAB46900A3FCE1 /* app_icon_57.png */,
				5B33474514DAB0AB00A3FCE1 /* ViewControllerBG.png */,
				5B3FCEBB14DC384B00BC3E01 /* ViewControllerBG@2x.png */,
				5BA7BE8C14E0213D000F29C5 /* ViewControllerBGMessage.png */,
				5BA7BE8D14E0213D000F29C5 /* ViewControllerBGMessage@2x.png */,
				5BA7BE8114DFFF44000F29C5 /* VenueViewControllerBG.png */,
				5BA7BE8214DFFF44000F29C5 /* VenueViewControllerBG@2x.png */,
				5BA7BE8814E01D94000F29C5 /* MessageViewBG.png */,
				5BA7BE8914E01D94000F29C5 /* MessageViewBG@2x.png */,
			);
			name = Images;
			sourceTree = "<group>";
		};
		5BAF7D1E14CD9455006D4638 /* Models */ = {
			isa = PBXGroup;
			children = (
				5BAF7D1B14CD9449006D4638 /* Venue.h */,
				5BAF7D1C14CD9449006D4638 /* Venue.m */,
			);
			name = Models;
			sourceTree = "<group>";
		};
/* End PBXGroup section */

/* Begin PBXNativeTarget section */
		5BAF7CF614CD8C75006D4638 /* Chase the Unicorn */ = {
			isa = PBXNativeTarget;
			buildConfigurationList = 5BAF7D1514CD8C75006D4638 /* Build configuration list for PBXNativeTarget "Chase the Unicorn" */;
			buildPhases = (
				5BAF7CF314CD8C75006D4638 /* Sources */,
				5BAF7CF414CD8C75006D4638 /* Frameworks */,
				5BAF7CF514CD8C75006D4638 /* Resources */,
			);
			buildRules = (
			);
			dependencies = (
			);
			name = "Chase the Unicorn";
			productName = "Chase the Unicorn";
			productReference = 5BAF7CF714CD8C75006D4638 /* Chase the Unicorn.app */;
			productType = "com.apple.product-type.application";
		};
/* End PBXNativeTarget section */

/* Begin PBXProject section */
		5BAF7CEE14CD8C75006D4638 /* Project object */ = {
			isa = PBXProject;
			attributes = {
				LastUpgradeCheck = 0420;
				ORGANIZATIONNAME = Yoomee;
			};
			buildConfigurationList = 5BAF7CF114CD8C75006D4638 /* Build configuration list for PBXProject "Chase the Unicorn" */;
			compatibilityVersion = "Xcode 3.2";
			developmentRegion = English;
			hasScannedForEncodings = 0;
			knownRegions = (
				en,
			);
			mainGroup = 5BAF7CEC14CD8C75006D4638;
			productRefGroup = 5BAF7CF814CD8C75006D4638 /* Products */;
			projectDirPath = "";
			projectRoot = "";
			targets = (
				5BAF7CF614CD8C75006D4638 /* Chase the Unicorn */,
			);
		};
/* End PBXProject section */

/* Begin PBXResourcesBuildPhase section */
		5BAF7CF514CD8C75006D4638 /* Resources */ = {
			isa = PBXResourcesBuildPhase;
			buildActionMask = 2147483647;
			files = (
				5BAF7D0614CD8C75006D4638 /* InfoPlist.strings in Resources */,
				5BAF7D1214CD8C75006D4638 /* ViewController.xib in Resources */,
				5BAF7D2C14CDCAE5006D4638 /* AboutViewController.xib in Resources */,
				5B33473814DA8F2000A3FCE1 /* SplashScreenController.xib in Resources */,
				5B33474214DAABEC00A3FCE1 /* VenueViewController.xib in Resources */,
				5B33474614DAB0AB00A3FCE1 /* ViewControllerBG.png in Resources */,
				5B33474814DAB46A00A3FCE1 /* app_icon_57.png in Resources */,
				5B10337014DADEAE00381F14 /* Refresh.png in Resources */,
				5B3FCEB314DC0A6E00BC3E01 /* OtherVenueButtonBG.png in Resources */,
				5B3FCEB614DC0BCB00BC3E01 /* OtherVenueButtonBGHighlight.png in Resources */,
				5B3FCEBC14DC384B00BC3E01 /* ViewControllerBG@2x.png in Resources */,
				5B3FCEC014DC3FCE00BC3E01 /* AboutViewBG.png in Resources */,
				5BA7BE8314DFFF44000F29C5 /* VenueViewControllerBG.png in Resources */,
				5BA7BE8414DFFF44000F29C5 /* VenueViewControllerBG@2x.png in Resources */,
				5BA7BE8A14E01D94000F29C5 /* MessageViewBG.png in Resources */,
				5BA7BE8B14E01D94000F29C5 /* MessageViewBG@2x.png in Resources */,
				5BA7BE8E14E0213D000F29C5 /* ViewControllerBGMessage.png in Resources */,
				5BA7BE8F14E0213D000F29C5 /* ViewControllerBGMessage@2x.png in Resources */,
				5BA7BE9F14E04035000F29C5 /* Default@2x.png in Resources */,
				5BA7BEA314E0407C000F29C5 /* Default.png in Resources */,
				5BA7BEA514E0440C000F29C5 /* icon_57.png in Resources */,
				5BA7BEA714E04413000F29C5 /* icon_114.png in Resources */,
				5BA7BEAC14E047EA000F29C5 /* Loading2@2x.png in Resources */,
				5BA7BEAD14E047EA000F29C5 /* Loading3@2x.png in Resources */,
				5BA7BEAE14E047EA000F29C5 /* Loading4@2x.png in Resources */,
				5BA7BEB114E04961000F29C5 /* Loading1.png in Resources */,
				5BA7BEB214E04961000F29C5 /* Loading1@2x.png in Resources */,
				5BA7BEB614E04972000F29C5 /* Loading2.png in Resources */,
				5BA7BEB714E04972000F29C5 /* Loading3.png in Resources */,
				5BA7BEB814E04972000F29C5 /* Loading4.png in Resources */,
				5B516E1914E135AC00E44BFE /* MessageButtonBG.png in Resources */,
				5B516E1A14E135AC00E44BFE /* MessageButtonBG@2x.png in Resources */,
			);
			runOnlyForDeploymentPostprocessing = 0;
		};
/* End PBXResourcesBuildPhase section */

/* Begin PBXSourcesBuildPhase section */
		5BAF7CF314CD8C75006D4638 /* Sources */ = {
			isa = PBXSourcesBuildPhase;
			buildActionMask = 2147483647;
			files = (
				5BAF7D0814CD8C75006D4638 /* main.m in Sources */,
				5BAF7D0C14CD8C75006D4638 /* AppDelegate.m in Sources */,
				5BAF7D0F14CD8C75006D4638 /* ViewController.m in Sources */,
				5BAF7D1D14CD9449006D4638 /* Venue.m in Sources */,
				5BAF7D2B14CDCAE5006D4638 /* AboutViewController.m in Sources */,
				5B33473714DA8F2000A3FCE1 /* SplashScreenController.m in Sources */,
				5B33474114DAABEC00A3FCE1 /* VenueViewController.m in Sources */,
				5BA7BE9B14E03787000F29C5 /* MyCLController.m in Sources */,
			);
			runOnlyForDeploymentPostprocessing = 0;
		};
/* End PBXSourcesBuildPhase section */

/* Begin PBXVariantGroup section */
		5BAF7D0414CD8C75006D4638 /* InfoPlist.strings */ = {
			isa = PBXVariantGroup;
			children = (
				5BAF7D0514CD8C75006D4638 /* en */,
			);
			name = InfoPlist.strings;
			sourceTree = "<group>";
		};
		5BAF7D1014CD8C75006D4638 /* ViewController.xib */ = {
			isa = PBXVariantGroup;
			children = (
				5BAF7D1114CD8C75006D4638 /* en */,
			);
			name = ViewController.xib;
			sourceTree = "<group>";
		};
/* End PBXVariantGroup section */

/* Begin XCBuildConfiguration section */
		5BAF7D1314CD8C75006D4638 /* Debug */ = {
			isa = XCBuildConfiguration;
			buildSettings = {
				ALWAYS_SEARCH_USER_PATHS = NO;
				ARCHS = "$(ARCHS_STANDARD_32_BIT)";
				CLANG_ENABLE_OBJC_ARC = YES;
				"CODE_SIGN_IDENTITY[sdk=iphoneos*]" = "iPhone Developer";
				COPY_PHASE_STRIP = NO;
				GCC_C_LANGUAGE_STANDARD = gnu99;
				GCC_DYNAMIC_NO_PIC = NO;
				GCC_OPTIMIZATION_LEVEL = 0;
				GCC_PREPROCESSOR_DEFINITIONS = (
					"DEBUG=1",
					"$(inherited)",
				);
				GCC_SYMBOLS_PRIVATE_EXTERN = NO;
				GCC_VERSION = com.apple.compilers.llvm.clang.1_0;
				GCC_WARN_ABOUT_MISSING_PROTOTYPES = YES;
				GCC_WARN_ABOUT_RETURN_TYPE = YES;
				GCC_WARN_UNUSED_VARIABLE = YES;
				IPHONEOS_DEPLOYMENT_TARGET = 5.0;
				SDKROOT = iphoneos;
			};
			name = Debug;
		};
		5BAF7D1414CD8C75006D4638 /* Release */ = {
			isa = XCBuildConfiguration;
			buildSettings = {
				ALWAYS_SEARCH_USER_PATHS = NO;
				ARCHS = "$(ARCHS_STANDARD_32_BIT)";
				CLANG_ENABLE_OBJC_ARC = YES;
				"CODE_SIGN_IDENTITY[sdk=iphoneos*]" = "iPhone Developer";
				COPY_PHASE_STRIP = YES;
				GCC_C_LANGUAGE_STANDARD = gnu99;
				GCC_VERSION = com.apple.compilers.llvm.clang.1_0;
				GCC_WARN_ABOUT_MISSING_PROTOTYPES = YES;
				GCC_WARN_ABOUT_RETURN_TYPE = YES;
				GCC_WARN_UNUSED_VARIABLE = YES;
				IPHONEOS_DEPLOYMENT_TARGET = 5.0;
				OTHER_CFLAGS = "-DNS_BLOCK_ASSERTIONS=1";
				SDKROOT = iphoneos;
				VALIDATE_PRODUCT = YES;
			};
			name = Release;
		};
		5BAF7D1614CD8C75006D4638 /* Debug */ = {
			isa = XCBuildConfiguration;
			buildSettings = {
				"CODE_SIGN_IDENTITY[sdk=iphoneos*]" = "iPhone Developer: Matt Atkins (86N66R4WRU)";
				GCC_PRECOMPILE_PREFIX_HEADER = YES;
				GCC_PREFIX_HEADER = "Chase the Unicorn/Chase the Unicorn-Prefix.pch";
				INFOPLIST_FILE = "Chase the Unicorn/Chase the Unicorn-Info.plist";
				IPHONEOS_DEPLOYMENT_TARGET = 5.0;
				PRODUCT_NAME = "Chase the Unicorn";
				"PROVISIONING_PROFILE[sdk=iphoneos*]" = "5E04C3B9-A61E-459F-BF65-7CAA61BAE343";
				WRAPPER_EXTENSION = app;
			};
			name = Debug;
		};
		5BAF7D1714CD8C75006D4638 /* Release */ = {
			isa = XCBuildConfiguration;
			buildSettings = {
				"CODE_SIGN_IDENTITY[sdk=iphoneos*]" = "iPhone Distribution: Yoomee";
				GCC_PRECOMPILE_PREFIX_HEADER = YES;
				GCC_PREFIX_HEADER = "Chase the Unicorn/Chase the Unicorn-Prefix.pch";
				INFOPLIST_FILE = "Chase the Unicorn/Chase the Unicorn-Info.plist";
				IPHONEOS_DEPLOYMENT_TARGET = 5.0;
				PRODUCT_NAME = "Chase the Unicorn";
				"PROVISIONING_PROFILE[sdk=iphoneos*]" = "8461D38E-5335-455E-9AC0-14341658AD22";
				WRAPPER_EXTENSION = app;
			};
			name = Release;
		};
/* End XCBuildConfiguration section */

/* Begin XCConfigurationList section */
		5BAF7CF114CD8C75006D4638 /* Build configuration list for PBXProject "Chase the Unicorn" */ = {
			isa = XCConfigurationList;
			buildConfigurations = (
				5BAF7D1314CD8C75006D4638 /* Debug */,
				5BAF7D1414CD8C75006D4638 /* Release */,
			);
			defaultConfigurationIsVisible = 0;
			defaultConfigurationName = Release;
		};
		5BAF7D1514CD8C75006D4638 /* Build configuration list for PBXNativeTarget "Chase the Unicorn" */ = {
			isa = XCConfigurationList;
			buildConfigurations = (
				5BAF7D1614CD8C75006D4638 /* Debug */,
				5BAF7D1714CD8C75006D4638 /* Release */,
			);
			defaultConfigurationIsVisible = 0;
			defaultConfigurationName = Release;
		};
/* End XCConfigurationList section */
	};
	rootObject = 5BAF7CEE14CD8C75006D4638 /* Project object */;
}
